{
  "name": "auth0-cli-protection",
  "version": "1.0.0",
  "lockfileVersion": 1,
  "requires": true,
  "dependencies": {
    "commander": {
      "version": "7.1.0",
      "resolved": "https://a0us.jfrog.io/a0us/api/npm/npm/commander/-/commander-7.1.0.tgz",
      "integrity": "sha1-8urs8THxDjbgfYlGmCJuNq4Otf8="
    },
    "is-docker": {
      "version": "2.1.1",
      "resolved": "https://a0us.jfrog.io/a0us/api/npm/npm/is-docker/-/is-docker-2.1.1.tgz",
      "integrity": "sha1-QSWojkTkUNOE4JBH7eca3C0UQVY="
    },
    "is-wsl": {
      "version": "2.2.0",
      "resolved": "https://a0us.jfrog.io/a0us/api/npm/npm/is-wsl/-/is-wsl-2.2.0.tgz",
      "integrity": "sha1-dKTHbnfKn9P5MvKQwX6jJs0VcnE=",
      "requires": {
        "is-docker": "^2.0.0"
      }
    },
    "node-fetch": {
      "version": "2.6.1",
      "resolved": "https://a0us.jfrog.io/a0us/api/npm/npm/node-fetch/-/node-fetch-2.6.1.tgz",
      "integrity": "sha1-BFvTI2Mfdu0uK1VXM5RBa2OaAFI="
    },
    "open": {
      "version": "7.4.2",
      "resolved": "https://a0us.jfrog.io/a0us/api/npm/npm/open/-/open-7.4.2.tgz",
      "integrity": "sha1-uBR+Jtzz5CYxbHMAif1x7dKcIyE=",
      "requires": {
        "is-docker": "^2.0.0",
        "is-wsl": "^2.1.1"
      }
    },
    "punycode": {
      "version": "1.3.2",
      "resolved": "https://a0us.jfrog.io/a0us/api/npm/npm/punycode/-/punycode-1.3.2.tgz",
      "integrity": "sha1-llOgNvt8HuQjQvIyXM7v6jkmxI0="
    },
    "querystring": {
      "version": "0.2.0",
      "resolved": "https://a0us.jfrog.io/a0us/api/npm/npm/querystring/-/querystring-0.2.0.tgz",
      "integrity": "sha1-sgmEkgO7Jd+CDadW50cAWHhSFiA="
    },
    "url": {
      "version": "0.11.0",
      "resolved": "https://a0us.jfrog.io/a0us/api/npm/npm/url/-/url-0.11.0.tgz",
      "integrity": "sha1-ODjpfPxgUh63PFJajlW/3Z4uKPE=",
      "requires": {
        "punycode": "1.3.2",
        "querystring": "0.2.0"
      }
    }
  }
}
